
Microsoft Visual Studio Solution File, Format Version 12.00
# Visual Studio Version 17
VisualStudioVersion = 17.6.33829.357
MinimumVisualStudioVersion = 10.0.40219.1
Project("{FAE04EC0-301F-11D3-BF4B-00C04F79EFBC}") = "carnesas_InClass20240409", "carnesas_InClass20240409\carnesas_InClass20240409.csproj", "{13155BA4-1EE9-4EC5-BC1D-EF695C3E3FD1}"
EndProject
Global
	GlobalSection(SolutionConfigurationPlatforms) = preSolution
		Debug|Any CPU = Debug|Any CPU
		Release|Any CPU = Release|Any CPU
	EndGlobalSection
	GlobalSection(ProjectConfigurationPlatforms) = postSolution
		{13155BA4-1EE9-4EC5-BC1D-EF695C3E3FD1}.Debug|Any CPU.ActiveCfg = Debug|Any CPU
		{13155BA4-1EE9-4EC5-BC1D-EF695C3E3FD1}.Debug|Any CPU.Build.0 = Debug|Any CPU
		{13155BA4-1EE9-4EC5-BC1D-EF695C3E3FD1}.Release|Any CPU.ActiveCfg = Release|Any CPU
		{13155BA4-1EE9-4EC5-BC1D-EF695C3E3FD1}.Release|Any CPU.Build.0 = Release|Any CPU
	EndGlobalSection
	GlobalSection(SolutionProperties) = preSolution
		HideSolutionNode = FALSE
	EndGlobalSection
	GlobalSection(ExtensibilityGlobals) = postSolution
		SolutionGuid = {80E24654-8A03-4329-B91F-8C24C3C11C3C}
	EndGlobalSection
EndGlobal
